{
  "name": "crender-test",
  "version": "1.0.0",
  "lockfileVersion": 1,
  "requires": true,
  "dependencies": {
    "@babel/runtime": {
      "version": "7.8.7",
      "resolved": "http://bnpm.byted.org/@babel/runtime/download/@babel/runtime-7.8.7.tgz",
      "integrity": "sha1-j+/OmALbVIgbpZ+Quyhxm0mWMk0=",
      "requires": {
        "regenerator-runtime": "^0.13.4"
      }
    },
    "@jiaminghi/bezier-curve": {
      "version": "0.0.9",
      "resolved": "http://bnpm.byted.org/@jiaminghi/bezier-curve/download/@jiaminghi/bezier-curve-0.0.9.tgz",
      "integrity": "sha1-UZasqTyLBhphK0w+q87flJDO9u4=",
      "requires": {
        "@babel/runtime": "^7.5.5"
      }
    },
    "@jiaminghi/c-render": {
      "version": "0.4.3",
      "resolved": "http://bnpm.byted.org/@jiaminghi/c-render/download/@jiaminghi/c-render-0.4.3.tgz",
      "integrity": "sha1-mC69j3G0Q7uVB4NCJ4NJc+vZttg=",
      "requires": {
        "@babel/runtime": "^7.5.5",
        "@jiaminghi/bezier-curve": "*",
        "@jiaminghi/color": "*",
        "@jiaminghi/transition": "*"
      }
    },
    "@jiaminghi/color": {
      "version": "0.1.1",
      "resolved": "http://bnpm.byted.org/@jiaminghi/color/download/@jiaminghi/color-0.1.1.tgz",
      "integrity": "sha1-vd+QEt/OaYLTgpqYP/65Hundp7Y=",
      "requires": {
        "@babel/runtime": "^7.5.5"
      }
    },
    "@jiaminghi/transition": {
      "version": "1.1.11",
      "resolved": "http://bnpm.byted.org/@jiaminghi/transition/download/@jiaminghi/transition-1.1.11.tgz",
      "integrity": "sha1-V22K8JJDSzQgHrpersx53TPIrYw=",
      "requires": {
        "@babel/runtime": "^7.5.5"
      }
    },
    "regenerator-runtime": {
      "version": "0.13.4",
      "resolved": "http://bnpm.byted.org/regenerator-runtime/download/regenerator-runtime-0.13.4.tgz",
      "integrity": "sha1-6Wv2EqM2LRK7affo90/+qyXHrJE="
    }
  }
}
